
Microsoft Visual Studio Solution File, Format Version 12.00
# Visual Studio 15
VisualStudioVersion = 15.0.28307.852
MinimumVisualStudioVersion = 10.0.40219.1
Project("{FAE04EC0-301F-11D3-BF4B-00C04F79EFBC}") = "HL7Connector", "HL7Connector\HL7Connector.csproj", "{AEB18EB9-1BD1-41A6-85EA-48D9FF39B319}"
EndProject
Global
	GlobalSection(SolutionConfigurationPlatforms) = preSolution
		Debug|Any CPU = Debug|Any CPU
		Release|Any CPU = Release|Any CPU
	EndGlobalSection
	GlobalSection(ProjectConfigurationPlatforms) = postSolution
		{AEB18EB9-1BD1-41A6-85EA-48D9FF39B319}.Debug|Any CPU.ActiveCfg = Debug|Any CPU
		{AEB18EB9-1BD1-41A6-85EA-48D9FF39B319}.Debug|Any CPU.Build.0 = Debug|Any CPU
		{AEB18EB9-1BD1-41A6-85EA-48D9FF39B319}.Release|Any CPU.ActiveCfg = Release|Any CPU
		{AEB18EB9-1BD1-41A6-85EA-48D9FF39B319}.Release|Any CPU.Build.0 = Release|Any CPU
	EndGlobalSection
	GlobalSection(SolutionProperties) = preSolution
		HideSolutionNode = FALSE
	EndGlobalSection
	GlobalSection(ExtensibilityGlobals) = postSolution
		SolutionGuid = {E196F339-9D2E-4AC9-A882-8401DF585A65}
	EndGlobalSection
EndGlobal
